
Microsoft Visual Studio Solution File, Format Version 12.00
# Visual Studio Version 17
VisualStudioVersion = 17.9.34714.143
MinimumVisualStudioVersion = 10.0.40219.1
Project("{FAE04EC0-301F-11D3-BF4B-00C04F79EFBC}") = "test", "test.csproj", "{F290A88A-12F4-49EB-BF5A-349449FDC082}"
EndProject
Global
	GlobalSection(SolutionConfigurationPlatforms) = preSolution
		Debug|Any CPU = Debug|Any CPU
		Release|Any CPU = Release|Any CPU
	EndGlobalSection
	GlobalSection(ProjectConfigurationPlatforms) = postSolution
		{F290A88A-12F4-49EB-BF5A-349449FDC082}.Debug|Any CPU.ActiveCfg = Debug|Any CPU
		{F290A88A-12F4-49EB-BF5A-349449FDC082}.Debug|Any CPU.Build.0 = Debug|Any CPU
		{F290A88A-12F4-49EB-BF5A-349449FDC082}.Release|Any CPU.ActiveCfg = Release|Any CPU
		{F290A88A-12F4-49EB-BF5A-349449FDC082}.Release|Any CPU.Build.0 = Release|Any CPU
	EndGlobalSection
	GlobalSection(SolutionProperties) = preSolution
		HideSolutionNode = FALSE
	EndGlobalSection
	GlobalSection(ExtensibilityGlobals) = postSolution
		SolutionGuid = {D8167538-EAC2-4231-BB9F-34F845F7CDF4}
	EndGlobalSection
EndGlobal
